
Microsoft Visual Studio Solution File, Format Version 12.00
# Visual Studio 15
VisualStudioVersion = 15.0.28307.329
MinimumVisualStudioVersion = 10.0.40219.1
Project("{9A19103F-16F7-4668-BE54-9A1E7A4F7556}") = "ConsoleApp2", "ConsoleApp2\ConsoleApp2.csproj", "{C94E756E-E8B3-47BB-8F9D-F1C18BF9EE83}"
EndProject
Project("{9A19103F-16F7-4668-BE54-9A1E7A4F7556}") = "Singleton", "Singeton\Singleton.csproj", "{5DE48755-610C-4F18-93D0-3418F42532BF}"
EndProject
Project("{9A19103F-16F7-4668-BE54-9A1E7A4F7556}") = "FactoryPattern", "FactoryPattern\FactoryPattern.csproj", "{B64DB28E-DBD0-4342-B9BE-6C1D45B89DD3}"
EndProject
Project("{FAE04EC0-301F-11D3-BF4B-00C04F79EFBC}") = "AbstractFactory", "AbstractFactory\AbstractFactory.csproj", "{1F065C13-E72A-40E0-BA8C-060C8027E739}"
EndProject
Global
	GlobalSection(SolutionConfigurationPlatforms) = preSolution
		Debug|Any CPU = Debug|Any CPU
		Release|Any CPU = Release|Any CPU
	EndGlobalSection
	GlobalSection(ProjectConfigurationPlatforms) = postSolution
		{C94E756E-E8B3-47BB-8F9D-F1C18BF9EE83}.Debug|Any CPU.ActiveCfg = Debug|Any CPU
		{C94E756E-E8B3-47BB-8F9D-F1C18BF9EE83}.Debug|Any CPU.Build.0 = Debug|Any CPU
		{C94E756E-E8B3-47BB-8F9D-F1C18BF9EE83}.Release|Any CPU.ActiveCfg = Release|Any CPU
		{C94E756E-E8B3-47BB-8F9D-F1C18BF9EE83}.Release|Any CPU.Build.0 = Release|Any CPU
		{5DE48755-610C-4F18-93D0-3418F42532BF}.Debug|Any CPU.ActiveCfg = Debug|Any CPU
		{5DE48755-610C-4F18-93D0-3418F42532BF}.Debug|Any CPU.Build.0 = Debug|Any CPU
		{5DE48755-610C-4F18-93D0-3418F42532BF}.Release|Any CPU.ActiveCfg = Release|Any CPU
		{5DE48755-610C-4F18-93D0-3418F42532BF}.Release|Any CPU.Build.0 = Release|Any CPU
		{B64DB28E-DBD0-4342-B9BE-6C1D45B89DD3}.Debug|Any CPU.ActiveCfg = Debug|Any CPU
		{B64DB28E-DBD0-4342-B9BE-6C1D45B89DD3}.Debug|Any CPU.Build.0 = Debug|Any CPU
		{B64DB28E-DBD0-4342-B9BE-6C1D45B89DD3}.Release|Any CPU.ActiveCfg = Release|Any CPU
		{B64DB28E-DBD0-4342-B9BE-6C1D45B89DD3}.Release|Any CPU.Build.0 = Release|Any CPU
		{1F065C13-E72A-40E0-BA8C-060C8027E739}.Debug|Any CPU.ActiveCfg = Debug|Any CPU
		{1F065C13-E72A-40E0-BA8C-060C8027E739}.Debug|Any CPU.Build.0 = Debug|Any CPU
		{1F065C13-E72A-40E0-BA8C-060C8027E739}.Release|Any CPU.ActiveCfg = Release|Any CPU
		{1F065C13-E72A-40E0-BA8C-060C8027E739}.Release|Any CPU.Build.0 = Release|Any CPU
	EndGlobalSection
	GlobalSection(SolutionProperties) = preSolution
		HideSolutionNode = FALSE
	EndGlobalSection
	GlobalSection(ExtensibilityGlobals) = postSolution
		SolutionGuid = {DDBD2E10-2AE6-451E-85C9-EBC6C67BAD91}
	EndGlobalSection
EndGlobal
